// !$*UTF8*$!
{
	archiveVersion = 1;
	classes = {
	};
	objectVersion = 55;
	objects = {

/* Begin PBXBuildFile section */
		225C3AB5276A94DD00E1CC31 /* Envelop.swift in Sources */ = {isa = PBXBuildFile; fileRef = 225C3AB4276A94DD00E1CC31 /* Envelop.swift */; };
		225C3AB9276A96F800E1CC31 /* AGetMyProfileUseCase.swift in Sources */ = {isa = PBXBuildFile; fileRef = 225C3AB8276A96F700E1CC31 /* AGetMyProfileUseCase.swift */; };
		225C3ABB276A97F000E1CC31 /* AUpdateMyProfileUseCase.swift in Sources */ = {isa = PBXBuildFile; fileRef = 225C3ABA276A97F000E1CC31 /* AUpdateMyProfileUseCase.swift */; };
		225C3ABD276A98C700E1CC31 /* AUpdatePasswordUseCase.swift in Sources */ = {isa = PBXBuildFile; fileRef = 225C3ABC276A98C700E1CC31 /* AUpdatePasswordUseCase.swift */; };
		225C3AC0276A993000E1CC31 /* UpdatePasswordRequest.swift in Sources */ = {isa = PBXBuildFile; fileRef = 225C3ABF276A993000E1CC31 /* UpdatePasswordRequest.swift */; };
		225C3AC3276A9A1100E1CC31 /* UserProfileResponse.json in Resources */ = {isa = PBXBuildFile; fileRef = 225C3AC2276A9A1100E1CC31 /* UserProfileResponse.json */; };
		225C3AC6276A9AEF00E1CC31 /* ReadDataFromLocalFile.swift in Sources */ = {isa = PBXBuildFile; fileRef = 225C3AC5276A9AEF00E1CC31 /* ReadDataFromLocalFile.swift */; };
		225C3AC8276AA1A400E1CC31 /* VoidCodable.swift in Sources */ = {isa = PBXBuildFile; fileRef = 225C3AC7276AA1A400E1CC31 /* VoidCodable.swift */; };
		225C3ACB276AA2CA00E1CC31 /* FakeGetMyProfileUseCase.swift in Sources */ = {isa = PBXBuildFile; fileRef = 225C3ACA276AA2CA00E1CC31 /* FakeGetMyProfileUseCase.swift */; };
		22FA7A93276BA8B8007079DA /* ErrorResponse.json in Resources */ = {isa = PBXBuildFile; fileRef = 225C3AC4276A9A4800E1CC31 /* ErrorResponse.json */; };
		3D4B11B53C771A2D24DCD3A4 /* Pods_FinalCodeChallenge.framework in Frameworks */ = {isa = PBXBuildFile; fileRef = 4C653BE159F8D8C0F8743C68 /* Pods_FinalCodeChallenge.framework */; };
		6118938A27643E9D00F5FF66 /* ViewController+.swift in Sources */ = {isa = PBXBuildFile; fileRef = 6118938927643E9D00F5FF66 /* ViewController+.swift */; };
		6118938C276440B300F5FF66 /* UIView+.swift in Sources */ = {isa = PBXBuildFile; fileRef = 6118938B276440B300F5FF66 /* UIView+.swift */; };
		6120FBA42768082100D56165 /* NetworkManager.swift in Sources */ = {isa = PBXBuildFile; fileRef = 6120FBA32768082100D56165 /* NetworkManager.swift */; };
		6120FBAA27685A9900D56165 /* ChangePasswordTableViewCell.swift in Sources */ = {isa = PBXBuildFile; fileRef = 6120FBA827685A9900D56165 /* ChangePasswordTableViewCell.swift */; };
		6120FBAB27685A9900D56165 /* ChangePasswordTableViewCell.xib in Resources */ = {isa = PBXBuildFile; fileRef = 6120FBA927685A9900D56165 /* ChangePasswordTableViewCell.xib */; };
		6177031D2765B51E008FA116 /* LHChangePasswordViewController.swift in Sources */ = {isa = PBXBuildFile; fileRef = 6177031C2765B51E008FA116 /* LHChangePasswordViewController.swift */; };
		61845337276424F400D03BB8 /* LHProfileViewController.swift in Sources */ = {isa = PBXBuildFile; fileRef = 61845336276424F400D03BB8 /* LHProfileViewController.swift */; };
		6184533A276425B900D03BB8 /* HeaderView.swift in Sources */ = {isa = PBXBuildFile; fileRef = 61845339276425B900D03BB8 /* HeaderView.swift */; };
		6184533C276425D300D03BB8 /* HeaderView.xib in Resources */ = {isa = PBXBuildFile; fileRef = 6184533B276425D300D03BB8 /* HeaderView.xib */; };
		619E033E2765899100F544FD /* LHAlertView.swift in Sources */ = {isa = PBXBuildFile; fileRef = 619E033D2765899100F544FD /* LHAlertView.swift */; };
		619E0340276589A700F544FD /* LHAlertView.xib in Resources */ = {isa = PBXBuildFile; fileRef = 619E033F276589A700F544FD /* LHAlertView.xib */; };
		61A1DC402766A32E005CBD0D /* ProfileTableViewCell.swift in Sources */ = {isa = PBXBuildFile; fileRef = 61A1DC3E2766A32E005CBD0D /* ProfileTableViewCell.swift */; };
		61A1DC412766A32E005CBD0D /* ProfileTableViewCell.xib in Resources */ = {isa = PBXBuildFile; fileRef = 61A1DC3F2766A32E005CBD0D /* ProfileTableViewCell.xib */; };
		61A1DC442766A85D005CBD0D /* Categories.swift in Sources */ = {isa = PBXBuildFile; fileRef = 61A1DC432766A85D005CBD0D /* Categories.swift */; };
		61A1DC462766A943005CBD0D /* ProfileSection.swift in Sources */ = {isa = PBXBuildFile; fileRef = 61A1DC452766A943005CBD0D /* ProfileSection.swift */; };
		61A1DC482766AC5E005CBD0D /* ProfileItem.swift in Sources */ = {isa = PBXBuildFile; fileRef = 61A1DC472766AC5E005CBD0D /* ProfileItem.swift */; };
		61A1DC4A2766AE5A005CBD0D /* User.swift in Sources */ = {isa = PBXBuildFile; fileRef = 61A1DC492766AE5A005CBD0D /* User.swift */; };
		61A1DC4C2766B0A4005CBD0D /* CategoriesInfo.swift in Sources */ = {isa = PBXBuildFile; fileRef = 61A1DC4B2766B0A4005CBD0D /* CategoriesInfo.swift */; };
		61CAEB7A2764063100C98317 /* AppDelegate.swift in Sources */ = {isa = PBXBuildFile; fileRef = 61CAEB792764063100C98317 /* AppDelegate.swift */; };
		61CAEB7C2764063100C98317 /* SceneDelegate.swift in Sources */ = {isa = PBXBuildFile; fileRef = 61CAEB7B2764063100C98317 /* SceneDelegate.swift */; };
		61CAEB812764063100C98317 /* Main.storyboard in Resources */ = {isa = PBXBuildFile; fileRef = 61CAEB7F2764063100C98317 /* Main.storyboard */; };
		61CAEB832764063200C98317 /* Assets.xcassets in Resources */ = {isa = PBXBuildFile; fileRef = 61CAEB822764063200C98317 /* Assets.xcassets */; };
		61CAEB862764063200C98317 /* LaunchScreen.storyboard in Resources */ = {isa = PBXBuildFile; fileRef = 61CAEB842764063200C98317 /* LaunchScreen.storyboard */; };
		61CAEB912764063200C98317 /* FinalCodeChallengeTests.swift in Sources */ = {isa = PBXBuildFile; fileRef = 61CAEB902764063200C98317 /* FinalCodeChallengeTests.swift */; };
		61CAEB9B2764063200C98317 /* FinalCodeChallengeUITests.swift in Sources */ = {isa = PBXBuildFile; fileRef = 61CAEB9A2764063200C98317 /* FinalCodeChallengeUITests.swift */; };
		61CAEB9D2764063200C98317 /* FinalCodeChallengeUITestsLaunchTests.swift in Sources */ = {isa = PBXBuildFile; fileRef = 61CAEB9C2764063200C98317 /* FinalCodeChallengeUITestsLaunchTests.swift */; };
		D479200936D9D137AE7F279B /* Pods_FinalCodeChallenge_FinalCodeChallengeUITests.framework in Frameworks */ = {isa = PBXBuildFile; fileRef = D2483E7904E645F2982615EA /* Pods_FinalCodeChallenge_FinalCodeChallengeUITests.framework */; };
		F22B8E6B140F96316B2B430D /* Pods_FinalCodeChallengeTests.framework in Frameworks */ = {isa = PBXBuildFile; fileRef = 6D5E306139F5F417CA130C11 /* Pods_FinalCodeChallengeTests.framework */; };
/* End PBXBuildFile section */

/* Begin PBXContainerItemProxy section */
		61CAEB8D2764063200C98317 /* PBXContainerItemProxy */ = {
			isa = PBXContainerItemProxy;
			containerPortal = 61CAEB6E2764063100C98317 /* Project object */;
			proxyType = 1;
			remoteGlobalIDString = 61CAEB752764063100C98317;
			remoteInfo = FinalCodeChallenge;
		};
		61CAEB972764063200C98317 /* PBXContainerItemProxy */ = {
			isa = PBXContainerItemProxy;
			containerPortal = 61CAEB6E2764063100C98317 /* Project object */;
			proxyType = 1;
			remoteGlobalIDString = 61CAEB752764063100C98317;
			remoteInfo = FinalCodeChallenge;
		};
/* End PBXContainerItemProxy section */

/* Begin PBXFileReference section */
		113C2025301140AC4DDA18B2 /* Pods-FinalCodeChallengeTests.release.xcconfig */ = {isa = PBXFileReference; includeInIndex = 1; lastKnownFileType = text.xcconfig; name = "Pods-FinalCodeChallengeTests.release.xcconfig"; path = "Target Support Files/Pods-FinalCodeChallengeTests/Pods-FinalCodeChallengeTests.release.xcconfig"; sourceTree = "<group>"; };
		225C3AB4276A94DD00E1CC31 /* Envelop.swift */ = {isa = PBXFileReference; lastKnownFileType = sourcecode.swift; path = Envelop.swift; sourceTree = "<group>"; };
		225C3AB8276A96F700E1CC31 /* AGetMyProfileUseCase.swift */ = {isa = PBXFileReference; lastKnownFileType = sourcecode.swift; path = AGetMyProfileUseCase.swift; sourceTree = "<group>"; };
		225C3ABA276A97F000E1CC31 /* AUpdateMyProfileUseCase.swift */ = {isa = PBXFileReference; lastKnownFileType = sourcecode.swift; path = AUpdateMyProfileUseCase.swift; sourceTree = "<group>"; };
		225C3ABC276A98C700E1CC31 /* AUpdatePasswordUseCase.swift */ = {isa = PBXFileReference; lastKnownFileType = sourcecode.swift; path = AUpdatePasswordUseCase.swift; sourceTree = "<group>"; };
		225C3ABF276A993000E1CC31 /* UpdatePasswordRequest.swift */ = {isa = PBXFileReference; lastKnownFileType = sourcecode.swift; path = UpdatePasswordRequest.swift; sourceTree = "<group>"; };
		225C3AC2276A9A1100E1CC31 /* UserProfileResponse.json */ = {isa = PBXFileReference; lastKnownFileType = text.json; path = UserProfileResponse.json; sourceTree = "<group>"; };
		225C3AC4276A9A4800E1CC31 /* ErrorResponse.json */ = {isa = PBXFileReference; lastKnownFileType = text.json; path = ErrorResponse.json; sourceTree = "<group>"; };
		225C3AC5276A9AEF00E1CC31 /* ReadDataFromLocalFile.swift */ = {isa = PBXFileReference; lastKnownFileType = sourcecode.swift; path = ReadDataFromLocalFile.swift; sourceTree = "<group>"; };
		225C3AC7276AA1A400E1CC31 /* VoidCodable.swift */ = {isa = PBXFileReference; lastKnownFileType = sourcecode.swift; path = VoidCodable.swift; sourceTree = "<group>"; };
		225C3ACA276AA2CA00E1CC31 /* FakeGetMyProfileUseCase.swift */ = {isa = PBXFileReference; lastKnownFileType = sourcecode.swift; path = FakeGetMyProfileUseCase.swift; sourceTree = "<group>"; };
		3DD7E2040B0C244C876EE591 /* Pods-FinalCodeChallenge.release.xcconfig */ = {isa = PBXFileReference; includeInIndex = 1; lastKnownFileType = text.xcconfig; name = "Pods-FinalCodeChallenge.release.xcconfig"; path = "Target Support Files/Pods-FinalCodeChallenge/Pods-FinalCodeChallenge.release.xcconfig"; sourceTree = "<group>"; };
		4C653BE159F8D8C0F8743C68 /* Pods_FinalCodeChallenge.framework */ = {isa = PBXFileReference; explicitFileType = wrapper.framework; includeInIndex = 0; path = Pods_FinalCodeChallenge.framework; sourceTree = BUILT_PRODUCTS_DIR; };
		6118938927643E9D00F5FF66 /* ViewController+.swift */ = {isa = PBXFileReference; lastKnownFileType = sourcecode.swift; path = "ViewController+.swift"; sourceTree = "<group>"; };
		6118938B276440B300F5FF66 /* UIView+.swift */ = {isa = PBXFileReference; lastKnownFileType = sourcecode.swift; path = "UIView+.swift"; sourceTree = "<group>"; };
		6120FBA32768082100D56165 /* NetworkManager.swift */ = {isa = PBXFileReference; lastKnownFileType = sourcecode.swift; path = NetworkManager.swift; sourceTree = "<group>"; };
		6120FBA827685A9900D56165 /* ChangePasswordTableViewCell.swift */ = {isa = PBXFileReference; lastKnownFileType = sourcecode.swift; path = ChangePasswordTableViewCell.swift; sourceTree = "<group>"; };
		6120FBA927685A9900D56165 /* ChangePasswordTableViewCell.xib */ = {isa = PBXFileReference; lastKnownFileType = file.xib; path = ChangePasswordTableViewCell.xib; sourceTree = "<group>"; };
		6177031C2765B51E008FA116 /* LHChangePasswordViewController.swift */ = {isa = PBXFileReference; lastKnownFileType = sourcecode.swift; path = LHChangePasswordViewController.swift; sourceTree = "<group>"; };
		61845336276424F400D03BB8 /* LHProfileViewController.swift */ = {isa = PBXFileReference; lastKnownFileType = sourcecode.swift; path = LHProfileViewController.swift; sourceTree = "<group>"; };
		61845339276425B900D03BB8 /* HeaderView.swift */ = {isa = PBXFileReference; lastKnownFileType = sourcecode.swift; path = HeaderView.swift; sourceTree = "<group>"; };
		6184533B276425D300D03BB8 /* HeaderView.xib */ = {isa = PBXFileReference; lastKnownFileType = file.xib; path = HeaderView.xib; sourceTree = "<group>"; };
		619E033D2765899100F544FD /* LHAlertView.swift */ = {isa = PBXFileReference; lastKnownFileType = sourcecode.swift; path = LHAlertView.swift; sourceTree = "<group>"; };
		619E033F276589A700F544FD /* LHAlertView.xib */ = {isa = PBXFileReference; lastKnownFileType = file.xib; path = LHAlertView.xib; sourceTree = "<group>"; };
		61A1DC3E2766A32E005CBD0D /* ProfileTableViewCell.swift */ = {isa = PBXFileReference; lastKnownFileType = sourcecode.swift; path = ProfileTableViewCell.swift; sourceTree = "<group>"; };
		61A1DC3F2766A32E005CBD0D /* ProfileTableViewCell.xib */ = {isa = PBXFileReference; lastKnownFileType = file.xib; path = ProfileTableViewCell.xib; sourceTree = "<group>"; };
		61A1DC432766A85D005CBD0D /* Categories.swift */ = {isa = PBXFileReference; lastKnownFileType = sourcecode.swift; path = Categories.swift; sourceTree = "<group>"; };
		61A1DC452766A943005CBD0D /* ProfileSection.swift */ = {isa = PBXFileReference; lastKnownFileType = sourcecode.swift; path = ProfileSection.swift; sourceTree = "<group>"; };
		61A1DC472766AC5E005CBD0D /* ProfileItem.swift */ = {isa = PBXFileReference; lastKnownFileType = sourcecode.swift; path = ProfileItem.swift; sourceTree = "<group>"; };
		61A1DC492766AE5A005CBD0D /* User.swift */ = {isa = PBXFileReference; lastKnownFileType = sourcecode.swift; path = User.swift; sourceTree = "<group>"; };
		61A1DC4B2766B0A4005CBD0D /* CategoriesInfo.swift */ = {isa = PBXFileReference; lastKnownFileType = sourcecode.swift; path = CategoriesInfo.swift; sourceTree = "<group>"; };
		61CAEB762764063100C98317 /* FinalCodeChallenge.app */ = {isa = PBXFileReference; explicitFileType = wrapper.application; includeInIndex = 0; path = FinalCodeChallenge.app; sourceTree = BUILT_PRODUCTS_DIR; };
		61CAEB792764063100C98317 /* AppDelegate.swift */ = {isa = PBXFileReference; lastKnownFileType = sourcecode.swift; path = AppDelegate.swift; sourceTree = "<group>"; };
		61CAEB7B2764063100C98317 /* SceneDelegate.swift */ = {isa = PBXFileReference; lastKnownFileType = sourcecode.swift; path = SceneDelegate.swift; sourceTree = "<group>"; };
		61CAEB802764063100C98317 /* Base */ = {isa = PBXFileReference; lastKnownFileType = file.storyboard; name = Base; path = Base.lproj/Main.storyboard; sourceTree = "<group>"; };
		61CAEB822764063200C98317 /* Assets.xcassets */ = {isa = PBXFileReference; lastKnownFileType = folder.assetcatalog; path = Assets.xcassets; sourceTree = "<group>"; };
		61CAEB852764063200C98317 /* Base */ = {isa = PBXFileReference; lastKnownFileType = file.storyboard; name = Base; path = Base.lproj/LaunchScreen.storyboard; sourceTree = "<group>"; };
		61CAEB872764063200C98317 /* Info.plist */ = {isa = PBXFileReference; lastKnownFileType = text.plist.xml; path = Info.plist; sourceTree = "<group>"; };
		61CAEB8C2764063200C98317 /* FinalCodeChallengeTests.xctest */ = {isa = PBXFileReference; explicitFileType = wrapper.cfbundle; includeInIndex = 0; path = FinalCodeChallengeTests.xctest; sourceTree = BUILT_PRODUCTS_DIR; };
		61CAEB902764063200C98317 /* FinalCodeChallengeTests.swift */ = {isa = PBXFileReference; lastKnownFileType = sourcecode.swift; path = FinalCodeChallengeTests.swift; sourceTree = "<group>"; };
		61CAEB962764063200C98317 /* FinalCodeChallengeUITests.xctest */ = {isa = PBXFileReference; explicitFileType = wrapper.cfbundle; includeInIndex = 0; path = FinalCodeChallengeUITests.xctest; sourceTree = BUILT_PRODUCTS_DIR; };
		61CAEB9A2764063200C98317 /* FinalCodeChallengeUITests.swift */ = {isa = PBXFileReference; lastKnownFileType = sourcecode.swift; path = FinalCodeChallengeUITests.swift; sourceTree = "<group>"; };
		61CAEB9C2764063200C98317 /* FinalCodeChallengeUITestsLaunchTests.swift */ = {isa = PBXFileReference; lastKnownFileType = sourcecode.swift; path = FinalCodeChallengeUITestsLaunchTests.swift; sourceTree = "<group>"; };
		6D5E306139F5F417CA130C11 /* Pods_FinalCodeChallengeTests.framework */ = {isa = PBXFileReference; explicitFileType = wrapper.framework; includeInIndex = 0; path = Pods_FinalCodeChallengeTests.framework; sourceTree = BUILT_PRODUCTS_DIR; };
		91DF15966AF44A8981807C67 /* Pods-FinalCodeChallengeTests.debug.xcconfig */ = {isa = PBXFileReference; includeInIndex = 1; lastKnownFileType = text.xcconfig; name = "Pods-FinalCodeChallengeTests.debug.xcconfig"; path = "Target Support Files/Pods-FinalCodeChallengeTests/Pods-FinalCodeChallengeTests.debug.xcconfig"; sourceTree = "<group>"; };
		A4FF82998E869AF20C95D3A3 /* Pods-FinalCodeChallenge-FinalCodeChallengeUITests.debug.xcconfig */ = {isa = PBXFileReference; includeInIndex = 1; lastKnownFileType = text.xcconfig; name = "Pods-FinalCodeChallenge-FinalCodeChallengeUITests.debug.xcconfig"; path = "Target Support Files/Pods-FinalCodeChallenge-FinalCodeChallengeUITests/Pods-FinalCodeChallenge-FinalCodeChallengeUITests.debug.xcconfig"; sourceTree = "<group>"; };
		BB9288032F75F3EA78CD5450 /* Pods-FinalCodeChallenge-FinalCodeChallengeUITests.release.xcconfig */ = {isa = PBXFileReference; includeInIndex = 1; lastKnownFileType = text.xcconfig; name = "Pods-FinalCodeChallenge-FinalCodeChallengeUITests.release.xcconfig"; path = "Target Support Files/Pods-FinalCodeChallenge-FinalCodeChallengeUITests/Pods-FinalCodeChallenge-FinalCodeChallengeUITests.release.xcconfig"; sourceTree = "<group>"; };
		C6436D7186B1FBF532DF5808 /* Pods-FinalCodeChallenge.debug.xcconfig */ = {isa = PBXFileReference; includeInIndex = 1; lastKnownFileType = text.xcconfig; name = "Pods-FinalCodeChallenge.debug.xcconfig"; path = "Target Support Files/Pods-FinalCodeChallenge/Pods-FinalCodeChallenge.debug.xcconfig"; sourceTree = "<group>"; };
		D2483E7904E645F2982615EA /* Pods_FinalCodeChallenge_FinalCodeChallengeUITests.framework */ = {isa = PBXFileReference; explicitFileType = wrapper.framework; includeInIndex = 0; path = Pods_FinalCodeChallenge_FinalCodeChallengeUITests.framework; sourceTree = BUILT_PRODUCTS_DIR; };
/* End PBXFileReference section */

/* Begin PBXFrameworksBuildPhase section */
		61CAEB732764063100C98317 /* Frameworks */ = {
			isa = PBXFrameworksBuildPhase;
			buildActionMask = 2147483647;
			files = (
				3D4B11B53C771A2D24DCD3A4 /* Pods_FinalCodeChallenge.framework in Frameworks */,
			);
			runOnlyForDeploymentPostprocessing = 0;
		};
		61CAEB892764063200C98317 /* Frameworks */ = {
			isa = PBXFrameworksBuildPhase;
			buildActionMask = 2147483647;
			files = (
				F22B8E6B140F96316B2B430D /* Pods_FinalCodeChallengeTests.framework in Frameworks */,
			);
			runOnlyForDeploymentPostprocessing = 0;
		};
		61CAEB932764063200C98317 /* Frameworks */ = {
			isa = PBXFrameworksBuildPhase;
			buildActionMask = 2147483647;
			files = (
				D479200936D9D137AE7F279B /* Pods_FinalCodeChallenge_FinalCodeChallengeUITests.framework in Frameworks */,
			);
			runOnlyForDeploymentPostprocessing = 0;
		};
/* End PBXFrameworksBuildPhase section */

/* Begin PBXGroup section */
		225C3AB6276A968A00E1CC31 /* Use Cases */ = {
			isa = PBXGroup;
			children = (
				225C3AB8276A96F700E1CC31 /* AGetMyProfileUseCase.swift */,
				225C3ABA276A97F000E1CC31 /* AUpdateMyProfileUseCase.swift */,
				225C3ABC276A98C700E1CC31 /* AUpdatePasswordUseCase.swift */,
			);
			path = "Use Cases";
			sourceTree = "<group>";
		};
		225C3AB7276A96A500E1CC31 /* Decodable Response */ = {
			isa = PBXGroup;
			children = (
				225C3AB4276A94DD00E1CC31 /* Envelop.swift */,
				225C3AC7276AA1A400E1CC31 /* VoidCodable.swift */,
				61A1DC492766AE5A005CBD0D /* User.swift */,
			);
			path = "Decodable Response";
			sourceTree = "<group>";
		};
		225C3ABE276A98F600E1CC31 /* Encodable Request */ = {
			isa = PBXGroup;
			children = (
				225C3ABF276A993000E1CC31 /* UpdatePasswordRequest.swift */,
			);
			path = "Encodable Request";
			sourceTree = "<group>";
		};
		225C3AC1276A99EC00E1CC31 /* Fake */ = {
			isa = PBXGroup;
			children = (
				225C3AC4276A9A4800E1CC31 /* ErrorResponse.json */,
				225C3AC2276A9A1100E1CC31 /* UserProfileResponse.json */,
				225C3AC5276A9AEF00E1CC31 /* ReadDataFromLocalFile.swift */,
				225C3AC9276AA2B600E1CC31 /* Fake Use Cases */,
			);
			path = Fake;
			sourceTree = "<group>";
		};
		225C3AC9276AA2B600E1CC31 /* Fake Use Cases */ = {
			isa = PBXGroup;
			children = (
				225C3ACA276AA2CA00E1CC31 /* FakeGetMyProfileUseCase.swift */,
			);
			path = "Fake Use Cases";
			sourceTree = "<group>";
		};
		6118938727643DC200F5FF66 /* HeaderView */ = {
			isa = PBXGroup;
			children = (
				61845339276425B900D03BB8 /* HeaderView.swift */,
				6184533B276425D300D03BB8 /* HeaderView.xib */,
			);
			path = HeaderView;
			sourceTree = "<group>";
		};
		6118938827643DDF00F5FF66 /* Extensions */ = {
			isa = PBXGroup;
			children = (
				6118938927643E9D00F5FF66 /* ViewController+.swift */,
				6118938B276440B300F5FF66 /* UIView+.swift */,
			);
			path = Extensions;
			sourceTree = "<group>";
		};
		6120FBA2276806AF00D56165 /* Services */ = {
			isa = PBXGroup;
			children = (
				225C3AB6276A968A00E1CC31 /* Use Cases */,
				6120FBA32768082100D56165 /* NetworkManager.swift */,
			);
			path = Services;
			sourceTree = "<group>";
		};
		6120FBA727685A6600D56165 /* ChangePasswordTableViewCell */ = {
			isa = PBXGroup;
			children = (
				6120FBA827685A9900D56165 /* ChangePasswordTableViewCell.swift */,
				6120FBA927685A9900D56165 /* ChangePasswordTableViewCell.xib */,
			);
			path = ChangePasswordTableViewCell;
			sourceTree = "<group>";
		};
		617703192765B4AA008FA116 /* ViewControllers */ = {
			isa = PBXGroup;
			children = (
				61845336276424F400D03BB8 /* LHProfileViewController.swift */,
				6177031C2765B51E008FA116 /* LHChangePasswordViewController.swift */,
			);
			path = ViewControllers;
			sourceTree = "<group>";
		};
		618453382764259900D03BB8 /* Views */ = {
			isa = PBXGroup;
			children = (
				6120FBA727685A6600D56165 /* ChangePasswordTableViewCell */,
				61A1DC4D2766B732005CBD0D /* ProfileTableViewCell */,
				619E033C2765896A00F544FD /* LHAlertView */,
				6118938727643DC200F5FF66 /* HeaderView */,
			);
			path = Views;
			sourceTree = "<group>";
		};
		619E033C2765896A00F544FD /* LHAlertView */ = {
			isa = PBXGroup;
			children = (
				619E033D2765899100F544FD /* LHAlertView.swift */,
				619E033F276589A700F544FD /* LHAlertView.xib */,
			);
			path = LHAlertView;
			sourceTree = "<group>";
		};
		61A1DC422766A6EB005CBD0D /* Models */ = {
			isa = PBXGroup;
			children = (
				225C3ABE276A98F600E1CC31 /* Encodable Request */,
				225C3AB7276A96A500E1CC31 /* Decodable Response */,
				61A1DC432766A85D005CBD0D /* Categories.swift */,
				61A1DC452766A943005CBD0D /* ProfileSection.swift */,
				61A1DC472766AC5E005CBD0D /* ProfileItem.swift */,
				61A1DC4B2766B0A4005CBD0D /* CategoriesInfo.swift */,
			);
			path = Models;
			sourceTree = "<group>";
		};
		61A1DC4D2766B732005CBD0D /* ProfileTableViewCell */ = {
			isa = PBXGroup;
			children = (
				61A1DC3E2766A32E005CBD0D /* ProfileTableViewCell.swift */,
				61A1DC3F2766A32E005CBD0D /* ProfileTableViewCell.xib */,
			);
			path = ProfileTableViewCell;
			sourceTree = "<group>";
		};
		61CAEB6D2764063100C98317 = {
			isa = PBXGroup;
			children = (
				61CAEB782764063100C98317 /* FinalCodeChallenge */,
				61CAEB8F2764063200C98317 /* FinalCodeChallengeTests */,
				61CAEB992764063200C98317 /* FinalCodeChallengeUITests */,
				61CAEB772764063100C98317 /* Products */,
				FC682B298B99783319DEAF29 /* Pods */,
				ACD5138B2E7D82B1FB9F8B4B /* Frameworks */,
			);
			sourceTree = "<group>";
		};
		61CAEB772764063100C98317 /* Products */ = {
			isa = PBXGroup;
			children = (
				61CAEB762764063100C98317 /* FinalCodeChallenge.app */,
				61CAEB8C2764063200C98317 /* FinalCodeChallengeTests.xctest */,
				61CAEB962764063200C98317 /* FinalCodeChallengeUITests.xctest */,
			);
			name = Products;
			sourceTree = "<group>";
		};
		61CAEB782764063100C98317 /* FinalCodeChallenge */ = {
			isa = PBXGroup;
			children = (
				61CAEB792764063100C98317 /* AppDelegate.swift */,
				61CAEB7B2764063100C98317 /* SceneDelegate.swift */,
				225C3AC1276A99EC00E1CC31 /* Fake */,
				6118938827643DDF00F5FF66 /* Extensions */,
				6120FBA2276806AF00D56165 /* Services */,
				61A1DC422766A6EB005CBD0D /* Models */,
				618453382764259900D03BB8 /* Views */,
				617703192765B4AA008FA116 /* ViewControllers */,
				61CAEB7F2764063100C98317 /* Main.storyboard */,
				61CAEB822764063200C98317 /* Assets.xcassets */,
				61CAEB842764063200C98317 /* LaunchScreen.storyboard */,
				61CAEB872764063200C98317 /* Info.plist */,
			);
			path = FinalCodeChallenge;
			sourceTree = "<group>";
		};
		61CAEB8F2764063200C98317 /* FinalCodeChallengeTests */ = {
			isa = PBXGroup;
			children = (
				61CAEB902764063200C98317 /* FinalCodeChallengeTests.swift */,
			);
			path = FinalCodeChallengeTests;
			sourceTree = "<group>";
		};
		61CAEB992764063200C98317 /* FinalCodeChallengeUITests */ = {
			isa = PBXGroup;
			children = (
				61CAEB9A2764063200C98317 /* FinalCodeChallengeUITests.swift */,
				61CAEB9C2764063200C98317 /* FinalCodeChallengeUITestsLaunchTests.swift */,
			);
			path = FinalCodeChallengeUITests;
			sourceTree = "<group>";
		};
		ACD5138B2E7D82B1FB9F8B4B /* Frameworks */ = {
			isa = PBXGroup;
			children = (
				4C653BE159F8D8C0F8743C68 /* Pods_FinalCodeChallenge.framework */,
				D2483E7904E645F2982615EA /* Pods_FinalCodeChallenge_FinalCodeChallengeUITests.framework */,
				6D5E306139F5F417CA130C11 /* Pods_FinalCodeChallengeTests.framework */,
			);
			name = Frameworks;
			sourceTree = "<group>";
		};
		FC682B298B99783319DEAF29 /* Pods */ = {
			isa = PBXGroup;
			children = (
				C6436D7186B1FBF532DF5808 /* Pods-FinalCodeChallenge.debug.xcconfig */,
				3DD7E2040B0C244C876EE591 /* Pods-FinalCodeChallenge.release.xcconfig */,
				A4FF82998E869AF20C95D3A3 /* Pods-FinalCodeChallenge-FinalCodeChallengeUITests.debug.xcconfig */,
				BB9288032F75F3EA78CD5450 /* Pods-FinalCodeChallenge-FinalCodeChallengeUITests.release.xcconfig */,
				91DF15966AF44A8981807C67 /* Pods-FinalCodeChallengeTests.debug.xcconfig */,
				113C2025301140AC4DDA18B2 /* Pods-FinalCodeChallengeTests.release.xcconfig */,
			);
			path = Pods;
			sourceTree = "<group>";
		};
/* End PBXGroup section */

/* Begin PBXNativeTarget section */
		61CAEB752764063100C98317 /* FinalCodeChallenge */ = {
			isa = PBXNativeTarget;
			buildConfigurationList = 61CAEBA02764063200C98317 /* Build configuration list for PBXNativeTarget "FinalCodeChallenge" */;
			buildPhases = (
				D55D55D2060EA14740F89B3D /* [CP] Check Pods Manifest.lock */,
				61CAEB722764063100C98317 /* Sources */,
				61CAEB732764063100C98317 /* Frameworks */,
				61CAEB742764063100C98317 /* Resources */,
				D929AFF9A0D99BDA870CA889 /* [CP] Embed Pods Frameworks */,
			);
			buildRules = (
			);
			dependencies = (
			);
			name = FinalCodeChallenge;
			productName = FinalCodeChallenge;
			productReference = 61CAEB762764063100C98317 /* FinalCodeChallenge.app */;
			productType = "com.apple.product-type.application";
		};
		61CAEB8B2764063200C98317 /* FinalCodeChallengeTests */ = {
			isa = PBXNativeTarget;
			buildConfigurationList = 61CAEBA32764063200C98317 /* Build configuration list for PBXNativeTarget "FinalCodeChallengeTests" */;
			buildPhases = (
				DA729E1805F97ED8DCFFDB18 /* [CP] Check Pods Manifest.lock */,
				61CAEB882764063200C98317 /* Sources */,
				61CAEB892764063200C98317 /* Frameworks */,
				61CAEB8A2764063200C98317 /* Resources */,
			);
			buildRules = (
			);
			dependencies = (
				61CAEB8E2764063200C98317 /* PBXTargetDependency */,
			);
			name = FinalCodeChallengeTests;
			productName = FinalCodeChallengeTests;
			productReference = 61CAEB8C2764063200C98317 /* FinalCodeChallengeTests.xctest */;
			productType = "com.apple.product-type.bundle.unit-test";
		};
		61CAEB952764063200C98317 /* FinalCodeChallengeUITests */ = {
			isa = PBXNativeTarget;
			buildConfigurationList = 61CAEBA62764063200C98317 /* Build configuration list for PBXNativeTarget "FinalCodeChallengeUITests" */;
			buildPhases = (
				C8380DFCD6B60E01685DA4ED /* [CP] Check Pods Manifest.lock */,
				61CAEB922764063200C98317 /* Sources */,
				61CAEB932764063200C98317 /* Frameworks */,
				61CAEB942764063200C98317 /* Resources */,
				6264A1B05F54EA22C4B57E53 /* [CP] Embed Pods Frameworks */,
			);
			buildRules = (
			);
			dependencies = (
				61CAEB982764063200C98317 /* PBXTargetDependency */,
			);
			name = FinalCodeChallengeUITests;
			productName = FinalCodeChallengeUITests;
			productReference = 61CAEB962764063200C98317 /* FinalCodeChallengeUITests.xctest */;
			productType = "com.apple.product-type.bundle.ui-testing";
		};
/* End PBXNativeTarget section */

/* Begin PBXProject section */
		61CAEB6E2764063100C98317 /* Project object */ = {
			isa = PBXProject;
			attributes = {
				BuildIndependentTargetsInParallel = 1;
				LastSwiftUpdateCheck = 1310;
				LastUpgradeCheck = 1310;
				TargetAttributes = {
					61CAEB752764063100C98317 = {
						CreatedOnToolsVersion = 13.1;
					};
					61CAEB8B2764063200C98317 = {
						CreatedOnToolsVersion = 13.1;
						TestTargetID = 61CAEB752764063100C98317;
					};
					61CAEB952764063200C98317 = {
						CreatedOnToolsVersion = 13.1;
						TestTargetID = 61CAEB752764063100C98317;
					};
				};
			};
			buildConfigurationList = 61CAEB712764063100C98317 /* Build configuration list for PBXProject "FinalCodeChallenge" */;
			compatibilityVersion = "Xcode 13.0";
			developmentRegion = en;
			hasScannedForEncodings = 0;
			knownRegions = (
				en,
				Base,
			);
			mainGroup = 61CAEB6D2764063100C98317;
			productRefGroup = 61CAEB772764063100C98317 /* Products */;
			projectDirPath = "";
			projectRoot = "";
			targets = (
				61CAEB752764063100C98317 /* FinalCodeChallenge */,
				61CAEB8B2764063200C98317 /* FinalCodeChallengeTests */,
				61CAEB952764063200C98317 /* FinalCodeChallengeUITests */,
			);
		};
/* End PBXProject section */

/* Begin PBXResourcesBuildPhase section */
		61CAEB742764063100C98317 /* Resources */ = {
			isa = PBXResourcesBuildPhase;
			buildActionMask = 2147483647;
			files = (
				225C3AC3276A9A1100E1CC31 /* UserProfileResponse.json in Resources */,
				22FA7A93276BA8B8007079DA /* ErrorResponse.json in Resources */,
				61CAEB862764063200C98317 /* LaunchScreen.storyboard in Resources */,
				61CAEB832764063200C98317 /* Assets.xcassets in Resources */,
				6120FBAB27685A9900D56165 /* ChangePasswordTableViewCell.xib in Resources */,
				619E0340276589A700F544FD /* LHAlertView.xib in Resources */,
				61CAEB812764063100C98317 /* Main.storyboard in Resources */,
				6184533C276425D300D03BB8 /* HeaderView.xib in Resources */,
				61A1DC412766A32E005CBD0D /* ProfileTableViewCell.xib in Resources */,
			);
			runOnlyForDeploymentPostprocessing = 0;
		};
		61CAEB8A2764063200C98317 /* Resources */ = {
			isa = PBXResourcesBuildPhase;
			buildActionMask = 2147483647;
			files = (
			);
			runOnlyForDeploymentPostprocessing = 0;
		};
		61CAEB942764063200C98317 /* Resources */ = {
			isa = PBXResourcesBuildPhase;
			buildActionMask = 2147483647;
			files = (
			);
			runOnlyForDeploymentPostprocessing = 0;
		};
/* End PBXResourcesBuildPhase section */

/* Begin PBXShellScriptBuildPhase section */
		6264A1B05F54EA22C4B57E53 /* [CP] Embed Pods Frameworks */ = {
			isa = PBXShellScriptBuildPhase;
			buildActionMask = 2147483647;
			files = (
			);
			inputFileListPaths = (
				"${PODS_ROOT}/Target Support Files/Pods-FinalCodeChallenge-FinalCodeChallengeUITests/Pods-FinalCodeChallenge-FinalCodeChallengeUITests-frameworks-${CONFIGURATION}-input-files.xcfilelist",
			);
			name = "[CP] Embed Pods Frameworks";
			outputFileListPaths = (
				"${PODS_ROOT}/Target Support Files/Pods-FinalCodeChallenge-FinalCodeChallengeUITests/Pods-FinalCodeChallenge-FinalCodeChallengeUITests-frameworks-${CONFIGURATION}-output-files.xcfilelist",
			);
			runOnlyForDeploymentPostprocessing = 0;
			shellPath = /bin/sh;
			shellScript = "\"${PODS_ROOT}/Target Support Files/Pods-FinalCodeChallenge-FinalCodeChallengeUITests/Pods-FinalCodeChallenge-FinalCodeChallengeUITests-frameworks.sh\"\n";
			showEnvVarsInLog = 0;
		};
		C8380DFCD6B60E01685DA4ED /* [CP] Check Pods Manifest.lock */ = {
			isa = PBXShellScriptBuildPhase;
			buildActionMask = 2147483647;
			files = (
			);
			inputFileListPaths = (
			);
			inputPaths = (
				"${PODS_PODFILE_DIR_PATH}/Podfile.lock",
				"${PODS_ROOT}/Manifest.lock",
			);
			name = "[CP] Check Pods Manifest.lock";
			outputFileListPaths = (
			);
			outputPaths = (
				"$(DERIVED_FILE_DIR)/Pods-FinalCodeChallenge-FinalCodeChallengeUITests-checkManifestLockResult.txt",
			);
			runOnlyForDeploymentPostprocessing = 0;
			shellPath = /bin/sh;
			shellScript = "diff \"${PODS_PODFILE_DIR_PATH}/Podfile.lock\" \"${PODS_ROOT}/Manifest.lock\" > /dev/null\nif [ $? != 0 ] ; then\n    # print error to STDERR\n    echo \"error: The sandbox is not in sync with the Podfile.lock. Run 'pod install' or update your CocoaPods installation.\" >&2\n    exit 1\nfi\n# This output is used by Xcode 'outputs' to avoid re-running this script phase.\necho \"SUCCESS\" > \"${SCRIPT_OUTPUT_FILE_0}\"\n";
			showEnvVarsInLog = 0;
		};
		D55D55D2060EA14740F89B3D /* [CP] Check Pods Manifest.lock */ = {
			isa = PBXShellScriptBuildPhase;
			buildActionMask = 2147483647;
			files = (
			);
			inputFileListPaths = (
			);
			inputPaths = (
				"${PODS_PODFILE_DIR_PATH}/Podfile.lock",
				"${PODS_ROOT}/Manifest.lock",
			);
			name = "[CP] Check Pods Manifest.lock";
			outputFileListPaths = (
			);
			outputPaths = (
				"$(DERIVED_FILE_DIR)/Pods-FinalCodeChallenge-checkManifestLockResult.txt",
			);
			runOnlyForDeploymentPostprocessing = 0;
			shellPath = /bin/sh;
			shellScript = "diff \"${PODS_PODFILE_DIR_PATH}/Podfile.lock\" \"${PODS_ROOT}/Manifest.lock\" > /dev/null\nif [ $? != 0 ] ; then\n    # print error to STDERR\n    echo \"error: The sandbox is not in sync with the Podfile.lock. Run 'pod install' or update your CocoaPods installation.\" >&2\n    exit 1\nfi\n# This output is used by Xcode 'outputs' to avoid re-running this script phase.\necho \"SUCCESS\" > \"${SCRIPT_OUTPUT_FILE_0}\"\n";
			showEnvVarsInLog = 0;
		};
		D929AFF9A0D99BDA870CA889 /* [CP] Embed Pods Frameworks */ = {
			isa = PBXShellScriptBuildPhase;
			buildActionMask = 2147483647;
			files = (
			);
			inputFileListPaths = (
				"${PODS_ROOT}/Target Support Files/Pods-FinalCodeChallenge/Pods-FinalCodeChallenge-frameworks-${CONFIGURATION}-input-files.xcfilelist",
			);
			name = "[CP] Embed Pods Frameworks";
			outputFileListPaths = (
				"${PODS_ROOT}/Target Support Files/Pods-FinalCodeChallenge/Pods-FinalCodeChallenge-frameworks-${CONFIGURATION}-output-files.xcfilelist",
			);
			runOnlyForDeploymentPostprocessing = 0;
			shellPath = /bin/sh;
			shellScript = "\"${PODS_ROOT}/Target Support Files/Pods-FinalCodeChallenge/Pods-FinalCodeChallenge-frameworks.sh\"\n";
			showEnvVarsInLog = 0;
		};
		DA729E1805F97ED8DCFFDB18 /* [CP] Check Pods Manifest.lock */ = {
			isa = PBXShellScriptBuildPhase;
			buildActionMask = 2147483647;
			files = (
			);
			inputFileListPaths = (
			);
			inputPaths = (
				"${PODS_PODFILE_DIR_PATH}/Podfile.lock",
				"${PODS_ROOT}/Manifest.lock",
			);
			name = "[CP] Check Pods Manifest.lock";
			outputFileListPaths = (
			);
			outputPaths = (
				"$(DERIVED_FILE_DIR)/Pods-FinalCodeChallengeTests-checkManifestLockResult.txt",
			);
			runOnlyForDeploymentPostprocessing = 0;
			shellPath = /bin/sh;
			shellScript = "diff \"${PODS_PODFILE_DIR_PATH}/Podfile.lock\" \"${PODS_ROOT}/Manifest.lock\" > /dev/null\nif [ $? != 0 ] ; then\n    # print error to STDERR\n    echo \"error: The sandbox is not in sync with the Podfile.lock. Run 'pod install' or update your CocoaPods installation.\" >&2\n    exit 1\nfi\n# This output is used by Xcode 'outputs' to avoid re-running this script phase.\necho \"SUCCESS\" > \"${SCRIPT_OUTPUT_FILE_0}\"\n";
			showEnvVarsInLog = 0;
		};
/* End PBXShellScriptBuildPhase section */

/* Begin PBXSourcesBuildPhase section */
		61CAEB722764063100C98317 /* Sources */ = {
			isa = PBXSourcesBuildPhase;
			buildActionMask = 2147483647;
			files = (
				61A1DC4A2766AE5A005CBD0D /* User.swift in Sources */,
				225C3AB5276A94DD00E1CC31 /* Envelop.swift in Sources */,
				6120FBAA27685A9900D56165 /* ChangePasswordTableViewCell.swift in Sources */,
				61A1DC482766AC5E005CBD0D /* ProfileItem.swift in Sources */,
				6118938C276440B300F5FF66 /* UIView+.swift in Sources */,
				225C3AC6276A9AEF00E1CC31 /* ReadDataFromLocalFile.swift in Sources */,
				225C3AC0276A993000E1CC31 /* UpdatePasswordRequest.swift in Sources */,
				225C3ACB276AA2CA00E1CC31 /* FakeGetMyProfileUseCase.swift in Sources */,
				225C3AC8276AA1A400E1CC31 /* VoidCodable.swift in Sources */,
				225C3ABD276A98C700E1CC31 /* AUpdatePasswordUseCase.swift in Sources */,
				619E033E2765899100F544FD /* LHAlertView.swift in Sources */,
				61CAEB7A2764063100C98317 /* AppDelegate.swift in Sources */,
				61A1DC402766A32E005CBD0D /* ProfileTableViewCell.swift in Sources */,
				6177031D2765B51E008FA116 /* LHChangePasswordViewController.swift in Sources */,
				61A1DC462766A943005CBD0D /* ProfileSection.swift in Sources */,
				61845337276424F400D03BB8 /* LHProfileViewController.swift in Sources */,
				225C3ABB276A97F000E1CC31 /* AUpdateMyProfileUseCase.swift in Sources */,
				225C3AB9276A96F800E1CC31 /* AGetMyProfileUseCase.swift in Sources */,
				61CAEB7C2764063100C98317 /* SceneDelegate.swift in Sources */,
				61A1DC442766A85D005CBD0D /* Categories.swift in Sources */,
				6184533A276425B900D03BB8 /* HeaderView.swift in Sources */,
				6120FBA42768082100D56165 /* NetworkManager.swift in Sources */,
				6118938A27643E9D00F5FF66 /* ViewController+.swift in Sources */,
				61A1DC4C2766B0A4005CBD0D /* CategoriesInfo.swift in Sources */,
			);
			runOnlyForDeploymentPostprocessing = 0;
		};
		61CAEB882764063200C98317 /* Sources */ = {
			isa = PBXSourcesBuildPhase;
			buildActionMask = 2147483647;
			files = (
				61CAEB912764063200C98317 /* FinalCodeChallengeTests.swift in Sources */,
			);
			runOnlyForDeploymentPostprocessing = 0;
		};
		61CAEB922764063200C98317 /* Sources */ = {
			isa = PBXSourcesBuildPhase;
			buildActionMask = 2147483647;
			files = (
				61CAEB9D2764063200C98317 /* FinalCodeChallengeUITestsLaunchTests.swift in Sources */,
				61CAEB9B2764063200C98317 /* FinalCodeChallengeUITests.swift in Sources */,
			);
			runOnlyForDeploymentPostprocessing = 0;
		};
/* End PBXSourcesBuildPhase section */

/* Begin PBXTargetDependency section */
		61CAEB8E2764063200C98317 /* PBXTargetDependency */ = {
			isa = PBXTargetDependency;
			target = 61CAEB752764063100C98317 /* FinalCodeChallenge */;
			targetProxy = 61CAEB8D2764063200C98317 /* PBXContainerItemProxy */;
		};
		61CAEB982764063200C98317 /* PBXTargetDependency */ = {
			isa = PBXTargetDependency;
			target = 61CAEB752764063100C98317 /* FinalCodeChallenge */;
			targetProxy = 61CAEB972764063200C98317 /* PBXContainerItemProxy */;
		};
/* End PBXTargetDependency section */

/* Begin PBXVariantGroup section */
		61CAEB7F2764063100C98317 /* Main.storyboard */ = {
			isa = PBXVariantGroup;
			children = (
				61CAEB802764063100C98317 /* Base */,
			);
			name = Main.storyboard;
			sourceTree = "<group>";
		};
		61CAEB842764063200C98317 /* LaunchScreen.storyboard */ = {
			isa = PBXVariantGroup;
			children = (
				61CAEB852764063200C98317 /* Base */,
			);
			name = LaunchScreen.storyboard;
			sourceTree = "<group>";
		};
/* End PBXVariantGroup section */

/* Begin XCBuildConfiguration section */
		61CAEB9E2764063200C98317 /* Debug */ = {
			isa = XCBuildConfiguration;
			buildSettings = {
				ALWAYS_SEARCH_USER_PATHS = NO;
				CLANG_ANALYZER_NONNULL = YES;
				CLANG_ANALYZER_NUMBER_OBJECT_CONVERSION = YES_AGGRESSIVE;
				CLANG_CXX_LANGUAGE_STANDARD = "gnu++17";
				CLANG_CXX_LIBRARY = "libc++";
				CLANG_ENABLE_MODULES = YES;
				CLANG_ENABLE_OBJC_ARC = YES;
				CLANG_ENABLE_OBJC_WEAK = YES;
				CLANG_WARN_BLOCK_CAPTURE_AUTORELEASING = YES;
				CLANG_WARN_BOOL_CONVERSION = YES;
				CLANG_WARN_COMMA = YES;
				CLANG_WARN_CONSTANT_CONVERSION = YES;
				CLANG_WARN_DEPRECATED_OBJC_IMPLEMENTATIONS = YES;
				CLANG_WARN_DIRECT_OBJC_ISA_USAGE = YES_ERROR;
				CLANG_WARN_DOCUMENTATION_COMMENTS = YES;
				CLANG_WARN_EMPTY_BODY = YES;
				CLANG_WARN_ENUM_CONVERSION = YES;
				CLANG_WARN_INFINITE_RECURSION = YES;
				CLANG_WARN_INT_CONVERSION = YES;
				CLANG_WARN_NON_LITERAL_NULL_CONVERSION = YES;
				CLANG_WARN_OBJC_IMPLICIT_RETAIN_SELF = YES;
				CLANG_WARN_OBJC_LITERAL_CONVERSION = YES;
				CLANG_WARN_OBJC_ROOT_CLASS = YES_ERROR;
				CLANG_WARN_QUOTED_INCLUDE_IN_FRAMEWORK_HEADER = YES;
				CLANG_WARN_RANGE_LOOP_ANALYSIS = YES;
				CLANG_WARN_STRICT_PROTOTYPES = YES;
				CLANG_WARN_SUSPICIOUS_MOVE = YES;
				CLANG_WARN_UNGUARDED_AVAILABILITY = YES_AGGRESSIVE;
				CLANG_WARN_UNREACHABLE_CODE = YES;
				CLANG_WARN__DUPLICATE_METHOD_MATCH = YES;
				COPY_PHASE_STRIP = NO;
				DEBUG_INFORMATION_FORMAT = dwarf;
				ENABLE_STRICT_OBJC_MSGSEND = YES;
				ENABLE_TESTABILITY = YES;
				GCC_C_LANGUAGE_STANDARD = gnu11;
				GCC_DYNAMIC_NO_PIC = NO;
				GCC_NO_COMMON_BLOCKS = YES;
				GCC_OPTIMIZATION_LEVEL = 0;
				GCC_PREPROCESSOR_DEFINITIONS = (
					"DEBUG=1",
					"$(inherited)",
				);
				GCC_WARN_64_TO_32_BIT_CONVERSION = YES;
				GCC_WARN_ABOUT_RETURN_TYPE = YES_ERROR;
				GCC_WARN_UNDECLARED_SELECTOR = YES;
				GCC_WARN_UNINITIALIZED_AUTOS = YES_AGGRESSIVE;
				GCC_WARN_UNUSED_FUNCTION = YES;
				GCC_WARN_UNUSED_VARIABLE = YES;
				IPHONEOS_DEPLOYMENT_TARGET = 15.0;
				MTL_ENABLE_DEBUG_INFO = INCLUDE_SOURCE;
				MTL_FAST_MATH = YES;
				ONLY_ACTIVE_ARCH = YES;
				SDKROOT = iphoneos;
				SWIFT_ACTIVE_COMPILATION_CONDITIONS = DEBUG;
				SWIFT_OPTIMIZATION_LEVEL = "-Onone";
			};
			name = Debug;
		};
		61CAEB9F2764063200C98317 /* Release */ = {
			isa = XCBuildConfiguration;
			buildSettings = {
				ALWAYS_SEARCH_USER_PATHS = NO;
				CLANG_ANALYZER_NONNULL = YES;
				CLANG_ANALYZER_NUMBER_OBJECT_CONVERSION = YES_AGGRESSIVE;
				CLANG_CXX_LANGUAGE_STANDARD = "gnu++17";
				CLANG_CXX_LIBRARY = "libc++";
				CLANG_ENABLE_MODULES = YES;
				CLANG_ENABLE_OBJC_ARC = YES;
				CLANG_ENABLE_OBJC_WEAK = YES;
				CLANG_WARN_BLOCK_CAPTURE_AUTORELEASING = YES;
				CLANG_WARN_BOOL_CONVERSION = YES;
				CLANG_WARN_COMMA = YES;
				CLANG_WARN_CONSTANT_CONVERSION = YES;
				CLANG_WARN_DEPRECATED_OBJC_IMPLEMENTATIONS = YES;
				CLANG_WARN_DIRECT_OBJC_ISA_USAGE = YES_ERROR;
				CLANG_WARN_DOCUMENTATION_COMMENTS = YES;
				CLANG_WARN_EMPTY_BODY = YES;
				CLANG_WARN_ENUM_CONVERSION = YES;
				CLANG_WARN_INFINITE_RECURSION = YES;
				CLANG_WARN_INT_CONVERSION = YES;
				CLANG_WARN_NON_LITERAL_NULL_CONVERSION = YES;
				CLANG_WARN_OBJC_IMPLICIT_RETAIN_SELF = YES;
				CLANG_WARN_OBJC_LITERAL_CONVERSION = YES;
				CLANG_WARN_OBJC_ROOT_CLASS = YES_ERROR;
				CLANG_WARN_QUOTED_INCLUDE_IN_FRAMEWORK_HEADER = YES;
				CLANG_WARN_RANGE_LOOP_ANALYSIS = YES;
				CLANG_WARN_STRICT_PROTOTYPES = YES;
				CLANG_WARN_SUSPICIOUS_MOVE = YES;
				CLANG_WARN_UNGUARDED_AVAILABILITY = YES_AGGRESSIVE;
				CLANG_WARN_UNREACHABLE_CODE = YES;
				CLANG_WARN__DUPLICATE_METHOD_MATCH = YES;
				COPY_PHASE_STRIP = NO;
				DEBUG_INFORMATION_FORMAT = "dwarf-with-dsym";
				ENABLE_NS_ASSERTIONS = NO;
				ENABLE_STRICT_OBJC_MSGSEND = YES;
				GCC_C_LANGUAGE_STANDARD = gnu11;
				GCC_NO_COMMON_BLOCKS = YES;
				GCC_WARN_64_TO_32_BIT_CONVERSION = YES;
				GCC_WARN_ABOUT_RETURN_TYPE = YES_ERROR;
				GCC_WARN_UNDECLARED_SELECTOR = YES;
				GCC_WARN_UNINITIALIZED_AUTOS = YES_AGGRESSIVE;
				GCC_WARN_UNUSED_FUNCTION = YES;
				GCC_WARN_UNUSED_VARIABLE = YES;
				IPHONEOS_DEPLOYMENT_TARGET = 15.0;
				MTL_ENABLE_DEBUG_INFO = NO;
				MTL_FAST_MATH = YES;
				SDKROOT = iphoneos;
				SWIFT_COMPILATION_MODE = wholemodule;
				SWIFT_OPTIMIZATION_LEVEL = "-O";
				VALIDATE_PRODUCT = YES;
			};
			name = Release;
		};
		61CAEBA12764063200C98317 /* Debug */ = {
			isa = XCBuildConfiguration;
			baseConfigurationReference = C6436D7186B1FBF532DF5808 /* Pods-FinalCodeChallenge.debug.xcconfig */;
			buildSettings = {
				ASSETCATALOG_COMPILER_APPICON_NAME = AppIcon;
				ASSETCATALOG_COMPILER_GLOBAL_ACCENT_COLOR_NAME = AccentColor;
				CODE_SIGN_STYLE = Automatic;
				CURRENT_PROJECT_VERSION = 1;
				DEVELOPMENT_TEAM = ZLE44N3L4M;
				"EXCLUDED_ARCHS[sdk=iphonesimulator*]" = arm64;
				GENERATE_INFOPLIST_FILE = YES;
				INFOPLIST_FILE = FinalCodeChallenge/Info.plist;
				INFOPLIST_KEY_UIApplicationSupportsIndirectInputEvents = YES;
				INFOPLIST_KEY_UILaunchStoryboardName = LaunchScreen;
				INFOPLIST_KEY_UIMainStoryboardFile = Main;
				INFOPLIST_KEY_UISupportedInterfaceOrientations_iPad = "UIInterfaceOrientationPortrait UIInterfaceOrientationPortraitUpsideDown UIInterfaceOrientationLandscapeLeft UIInterfaceOrientationLandscapeRight";
				INFOPLIST_KEY_UISupportedInterfaceOrientations_iPhone = "UIInterfaceOrientationPortrait UIInterfaceOrientationLandscapeLeft UIInterfaceOrientationLandscapeRight";
				LD_RUNPATH_SEARCH_PATHS = (
					"$(inherited)",
					"@executable_path/Frameworks",
				);
				MARKETING_VERSION = 1.0;
				PRODUCT_BUNDLE_IDENTIFIER = merr.FinalCodeChallenge;
				PRODUCT_NAME = "$(TARGET_NAME)";
				SWIFT_EMIT_LOC_STRINGS = YES;
				SWIFT_VERSION = 5.0;
				TARGETED_DEVICE_FAMILY = "1,2";
			};
			name = Debug;
		};
		61CAEBA22764063200C98317 /* Release */ = {
			isa = XCBuildConfiguration;
			baseConfigurationReference = 3DD7E2040B0C244C876EE591 /* Pods-FinalCodeChallenge.release.xcconfig */;
			buildSettings = {
				ASSETCATALOG_COMPILER_APPICON_NAME = AppIcon;
				ASSETCATALOG_COMPILER_GLOBAL_ACCENT_COLOR_NAME = AccentColor;
				CODE_SIGN_STYLE = Automatic;
				CURRENT_PROJECT_VERSION = 1;
				DEVELOPMENT_TEAM = ZLE44N3L4M;
				"EXCLUDED_ARCHS[sdk=iphonesimulator*]" = arm64;
				GENERATE_INFOPLIST_FILE = YES;
				INFOPLIST_FILE = FinalCodeChallenge/Info.plist;
				INFOPLIST_KEY_UIApplicationSupportsIndirectInputEvents = YES;
				INFOPLIST_KEY_UILaunchStoryboardName = LaunchScreen;
				INFOPLIST_KEY_UIMainStoryboardFile = Main;
				INFOPLIST_KEY_UISupportedInterfaceOrientations_iPad = "UIInterfaceOrientationPortrait UIInterfaceOrientationPortraitUpsideDown UIInterfaceOrientationLandscapeLeft UIInterfaceOrientationLandscapeRight";
				INFOPLIST_KEY_UISupportedInterfaceOrientations_iPhone = "UIInterfaceOrientationPortrait UIInterfaceOrientationLandscapeLeft UIInterfaceOrientationLandscapeRight";
				LD_RUNPATH_SEARCH_PATHS = (
					"$(inherited)",
					"@executable_path/Frameworks",
				);
				MARKETING_VERSION = 1.0;
				PRODUCT_BUNDLE_IDENTIFIER = merr.FinalCodeChallenge;
				PRODUCT_NAME = "$(TARGET_NAME)";
				SWIFT_EMIT_LOC_STRINGS = YES;
				SWIFT_VERSION = 5.0;
				TARGETED_DEVICE_FAMILY = "1,2";
			};
			name = Release;
		};
		61CAEBA42764063200C98317 /* Debug */ = {
			isa = XCBuildConfiguration;
			baseConfigurationReference = 91DF15966AF44A8981807C67 /* Pods-FinalCodeChallengeTests.debug.xcconfig */;
			buildSettings = {
				ALWAYS_EMBED_SWIFT_STANDARD_LIBRARIES = YES;
				BUNDLE_LOADER = "$(TEST_HOST)";
				CODE_SIGN_STYLE = Automatic;
				CURRENT_PROJECT_VERSION = 1;
				DEVELOPMENT_TEAM = ZLE44N3L4M;
				GENERATE_INFOPLIST_FILE = YES;
				IPHONEOS_DEPLOYMENT_TARGET = 15.0;
				LD_RUNPATH_SEARCH_PATHS = (
					"$(inherited)",
					"@executable_path/Frameworks",
					"@loader_path/Frameworks",
				);
				MARKETING_VERSION = 1.0;
				PRODUCT_BUNDLE_IDENTIFIER = merr.FinalCodeChallengeTests;
				PRODUCT_NAME = "$(TARGET_NAME)";
				SWIFT_EMIT_LOC_STRINGS = NO;
				SWIFT_VERSION = 5.0;
				TARGETED_DEVICE_FAMILY = "1,2";
				TEST_HOST = "$(BUILT_PRODUCTS_DIR)/FinalCodeChallenge.app/FinalCodeChallenge";
			};
			name = Debug;
		};
		61CAEBA52764063200C98317 /* Release */ = {
			isa = XCBuildConfiguration;
			baseConfigurationReference = 113C2025301140AC4DDA18B2 /* Pods-FinalCodeChallengeTests.release.xcconfig */;
			buildSettings = {
				ALWAYS_EMBED_SWIFT_STANDARD_LIBRARIES = YES;
				BUNDLE_LOADER = "$(TEST_HOST)";
				CODE_SIGN_STYLE = Automatic;
				CURRENT_PROJECT_VERSION = 1;
				DEVELOPMENT_TEAM = ZLE44N3L4M;
				GENERATE_INFOPLIST_FILE = YES;
				IPHONEOS_DEPLOYMENT_TARGET = 15.0;
				LD_RUNPATH_SEARCH_PATHS = (
					"$(inherited)",
					"@executable_path/Frameworks",
					"@loader_path/Frameworks",
				);
				MARKETING_VERSION = 1.0;
				PRODUCT_BUNDLE_IDENTIFIER = merr.FinalCodeChallengeTests;
				PRODUCT_NAME = "$(TARGET_NAME)";
				SWIFT_EMIT_LOC_STRINGS = NO;
				SWIFT_VERSION = 5.0;
				TARGETED_DEVICE_FAMILY = "1,2";
				TEST_HOST = "$(BUILT_PRODUCTS_DIR)/FinalCodeChallenge.app/FinalCodeChallenge";
			};
			name = Release;
		};
		61CAEBA72764063200C98317 /* Debug */ = {
			isa = XCBuildConfiguration;
			baseConfigurationReference = A4FF82998E869AF20C95D3A3 /* Pods-FinalCodeChallenge-FinalCodeChallengeUITests.debug.xcconfig */;
			buildSettings = {
				ALWAYS_EMBED_SWIFT_STANDARD_LIBRARIES = YES;
				CODE_SIGN_STYLE = Automatic;
				CURRENT_PROJECT_VERSION = 1;
				DEVELOPMENT_TEAM = ZLE44N3L4M;
				GENERATE_INFOPLIST_FILE = YES;
				LD_RUNPATH_SEARCH_PATHS = (
					"$(inherited)",
					"@executable_path/Frameworks",
					"@loader_path/Frameworks",
				);
				MARKETING_VERSION = 1.0;
				PRODUCT_BUNDLE_IDENTIFIER = merr.FinalCodeChallengeUITests;
				PRODUCT_NAME = "$(TARGET_NAME)";
				SWIFT_EMIT_LOC_STRINGS = NO;
				SWIFT_VERSION = 5.0;
				TARGETED_DEVICE_FAMILY = "1,2";
				TEST_TARGET_NAME = FinalCodeChallenge;
			};
			name = Debug;
		};
		61CAEBA82764063200C98317 /* Release */ = {
			isa = XCBuildConfiguration;
			baseConfigurationReference = BB9288032F75F3EA78CD5450 /* Pods-FinalCodeChallenge-FinalCodeChallengeUITests.release.xcconfig */;
			buildSettings = {
				ALWAYS_EMBED_SWIFT_STANDARD_LIBRARIES = YES;
				CODE_SIGN_STYLE = Automatic;
				CURRENT_PROJECT_VERSION = 1;
				DEVELOPMENT_TEAM = ZLE44N3L4M;
				GENERATE_INFOPLIST_FILE = YES;
				LD_RUNPATH_SEARCH_PATHS = (
					"$(inherited)",
					"@executable_path/Frameworks",
					"@loader_path/Frameworks",
				);
				MARKETING_VERSION = 1.0;
				PRODUCT_BUNDLE_IDENTIFIER = merr.FinalCodeChallengeUITests;
				PRODUCT_NAME = "$(TARGET_NAME)";
				SWIFT_EMIT_LOC_STRINGS = NO;
				SWIFT_VERSION = 5.0;
				TARGETED_DEVICE_FAMILY = "1,2";
				TEST_TARGET_NAME = FinalCodeChallenge;
			};
			name = Release;
		};
/* End XCBuildConfiguration section */

/* Begin XCConfigurationList section */
		61CAEB712764063100C98317 /* Build configuration list for PBXProject "FinalCodeChallenge" */ = {
			isa = XCConfigurationList;
			buildConfigurations = (
				61CAEB9E2764063200C98317 /* Debug */,
				61CAEB9F2764063200C98317 /* Release */,
			);
			defaultConfigurationIsVisible = 0;
			defaultConfigurationName = Release;
		};
		61CAEBA02764063200C98317 /* Build configuration list for PBXNativeTarget "FinalCodeChallenge" */ = {
			isa = XCConfigurationList;
			buildConfigurations = (
				61CAEBA12764063200C98317 /* Debug */,
				61CAEBA22764063200C98317 /* Release */,
			);
			defaultConfigurationIsVisible = 0;
			defaultConfigurationName = Release;
		};
		61CAEBA32764063200C98317 /* Build configuration list for PBXNativeTarget "FinalCodeChallengeTests" */ = {
			isa = XCConfigurationList;
			buildConfigurations = (
				61CAEBA42764063200C98317 /* Debug */,
				61CAEBA52764063200C98317 /* Release */,
			);
			defaultConfigurationIsVisible = 0;
			defaultConfigurationName = Release;
		};
		61CAEBA62764063200C98317 /* Build configuration list for PBXNativeTarget "FinalCodeChallengeUITests" */ = {
			isa = XCConfigurationList;
			buildConfigurations = (
				61CAEBA72764063200C98317 /* Debug */,
				61CAEBA82764063200C98317 /* Release */,
			);
			defaultConfigurationIsVisible = 0;
			defaultConfigurationName = Release;
		};
/* End XCConfigurationList section */
	};
	rootObject = 61CAEB6E2764063100C98317 /* Project object */;
}
